
Microsoft Visual Studio Solution File, Format Version 12.00
# Visual Studio Version 16
VisualStudioVersion = 16.0.30413.136
MinimumVisualStudioVersion = 10.0.40219.1
Project("{FAE04EC0-301F-11D3-BF4B-00C04F79EFBC}") = "VideoGameStore", "VideoGameStore\VideoGameStore.csproj", "{7DB632B2-E4F9-4DA6-A941-9636EC659DEF}"
EndProject
Project("{2150E333-8FDC-42A3-9474-1A3956D46DE8}") = "Domain", "Domain", "{9F050744-F722-4448-ADDF-52B63DD5AF7E}"
EndProject
Project("{2150E333-8FDC-42A3-9474-1A3956D46DE8}") = "Infrastructure", "Infrastructure", "{48508CB3-8E3A-49A8-B408-5A489FA56450}"
EndProject
Project("{2150E333-8FDC-42A3-9474-1A3956D46DE8}") = "Services", "Services", "{8FE99492-3E3F-4EE6-B72A-D5F3B672428F}"
EndProject
Project("{FAE04EC0-301F-11D3-BF4B-00C04F79EFBC}") = "VideoGameStore.Domain.Core", "VideoGameStore.Domain.Core\VideoGameStore.Domain.Core.csproj", "{0F80C3E5-93E1-4C04-8D04-FFAF07A6EFBA}"
EndProject
Project("{FAE04EC0-301F-11D3-BF4B-00C04F79EFBC}") = "InnoflowServer.Infrastructure.Business", "InnoflowServer.Infrastructure.Business\InnoflowServer.Infrastructure.Business.csproj", "{91700857-5716-4AEA-AB6B-8EE05B66609A}"
EndProject
Project("{FAE04EC0-301F-11D3-BF4B-00C04F79EFBC}") = "VideoGameStore.Infrastructure.Data", "VideoGameStore.Infrastructure.Data\VideoGameStore.Infrastructure.Data.csproj", "{C271789F-E215-423F-96CE-AF3B2B1D34C4}"
EndProject
Project("{FAE04EC0-301F-11D3-BF4B-00C04F79EFBC}") = "VideoGameStore.Services.Interfaces", "VideoGameStore.Services.Interfaces\VideoGameStore.Services.Interfaces.csproj", "{163D4E87-9EF7-4351-88CA-3BD75CCC511C}"
EndProject
Project("{FAE04EC0-301F-11D3-BF4B-00C04F79EFBC}") = "VideoGameStore.Domain.Interface", "VideoGameStore.Domain.Interface\VideoGameStore.Domain.Interface.csproj", "{17A4D5A5-A99D-4AF3-8414-0D1AC16D5B15}"
EndProject
Global
	GlobalSection(SolutionConfigurationPlatforms) = preSolution
		Debug|Any CPU = Debug|Any CPU
		Release|Any CPU = Release|Any CPU
	EndGlobalSection
	GlobalSection(ProjectConfigurationPlatforms) = postSolution
		{7DB632B2-E4F9-4DA6-A941-9636EC659DEF}.Debug|Any CPU.ActiveCfg = Debug|Any CPU
		{7DB632B2-E4F9-4DA6-A941-9636EC659DEF}.Debug|Any CPU.Build.0 = Debug|Any CPU
		{7DB632B2-E4F9-4DA6-A941-9636EC659DEF}.Release|Any CPU.ActiveCfg = Release|Any CPU
		{7DB632B2-E4F9-4DA6-A941-9636EC659DEF}.Release|Any CPU.Build.0 = Release|Any CPU
		{0F80C3E5-93E1-4C04-8D04-FFAF07A6EFBA}.Debug|Any CPU.ActiveCfg = Debug|Any CPU
		{0F80C3E5-93E1-4C04-8D04-FFAF07A6EFBA}.Debug|Any CPU.Build.0 = Debug|Any CPU
		{0F80C3E5-93E1-4C04-8D04-FFAF07A6EFBA}.Release|Any CPU.ActiveCfg = Release|Any CPU
		{0F80C3E5-93E1-4C04-8D04-FFAF07A6EFBA}.Release|Any CPU.Build.0 = Release|Any CPU
		{91700857-5716-4AEA-AB6B-8EE05B66609A}.Debug|Any CPU.ActiveCfg = Debug|Any CPU
		{91700857-5716-4AEA-AB6B-8EE05B66609A}.Debug|Any CPU.Build.0 = Debug|Any CPU
		{91700857-5716-4AEA-AB6B-8EE05B66609A}.Release|Any CPU.ActiveCfg = Release|Any CPU
		{91700857-5716-4AEA-AB6B-8EE05B66609A}.Release|Any CPU.Build.0 = Release|Any CPU
		{C271789F-E215-423F-96CE-AF3B2B1D34C4}.Debug|Any CPU.ActiveCfg = Debug|Any CPU
		{C271789F-E215-423F-96CE-AF3B2B1D34C4}.Debug|Any CPU.Build.0 = Debug|Any CPU
		{C271789F-E215-423F-96CE-AF3B2B1D34C4}.Release|Any CPU.ActiveCfg = Release|Any CPU
		{C271789F-E215-423F-96CE-AF3B2B1D34C4}.Release|Any CPU.Build.0 = Release|Any CPU
		{163D4E87-9EF7-4351-88CA-3BD75CCC511C}.Debug|Any CPU.ActiveCfg = Debug|Any CPU
		{163D4E87-9EF7-4351-88CA-3BD75CCC511C}.Debug|Any CPU.Build.0 = Debug|Any CPU
		{163D4E87-9EF7-4351-88CA-3BD75CCC511C}.Release|Any CPU.ActiveCfg = Release|Any CPU
		{163D4E87-9EF7-4351-88CA-3BD75CCC511C}.Release|Any CPU.Build.0 = Release|Any CPU
		{17A4D5A5-A99D-4AF3-8414-0D1AC16D5B15}.Debug|Any CPU.ActiveCfg = Debug|Any CPU
		{17A4D5A5-A99D-4AF3-8414-0D1AC16D5B15}.Debug|Any CPU.Build.0 = Debug|Any CPU
		{17A4D5A5-A99D-4AF3-8414-0D1AC16D5B15}.Release|Any CPU.ActiveCfg = Release|Any CPU
		{17A4D5A5-A99D-4AF3-8414-0D1AC16D5B15}.Release|Any CPU.Build.0 = Release|Any CPU
	EndGlobalSection
	GlobalSection(SolutionProperties) = preSolution
		HideSolutionNode = FALSE
	EndGlobalSection
	GlobalSection(NestedProjects) = preSolution
		{0F80C3E5-93E1-4C04-8D04-FFAF07A6EFBA} = {9F050744-F722-4448-ADDF-52B63DD5AF7E}
		{91700857-5716-4AEA-AB6B-8EE05B66609A} = {48508CB3-8E3A-49A8-B408-5A489FA56450}
		{C271789F-E215-423F-96CE-AF3B2B1D34C4} = {48508CB3-8E3A-49A8-B408-5A489FA56450}
		{163D4E87-9EF7-4351-88CA-3BD75CCC511C} = {8FE99492-3E3F-4EE6-B72A-D5F3B672428F}
		{17A4D5A5-A99D-4AF3-8414-0D1AC16D5B15} = {9F050744-F722-4448-ADDF-52B63DD5AF7E}
	EndGlobalSection
	GlobalSection(ExtensibilityGlobals) = postSolution
		SolutionGuid = {29A81E0C-3F31-48B5-BA7A-6C78F7CECCE8}
	EndGlobalSection
EndGlobal
